[{<<"clj">>,
  {git,"git://github.com/lfex/clj.git",
       {ref,"b935818364ff9b2715345a050c97db81289ae628"}},
  1},
 {<<"color">>,
  {git,"git://github.com/julianduque/erlang-color",
       {ref,"e60f6302f795220f5f0bee86391ffee5274edec0"}},
  1},
 {<<"erlport">>,
  {git,"git://github.com/hdima/erlport.git",
       {ref,"ae6b8802b3883f9f350921b779d0e91784de5112"}},
  0},
 {<<"goldrush">>,
  {git,"git://github.com/DeadZen/goldrush.git",
       {ref,"212299233c7e7eb63a97be2777e1c05ebaa58dbe"}},
  2},
 {<<"kla">>,
  {git,"git://github.com/lfex/kla.git",
       {ref,"a8afc4f673809d89b6c4a374b972f54ef6b39bde"}},
  2},
 {<<"lager">>,
  {git,"git://github.com/basho/lager.git",
       {ref,"b2cb2735713e3021e0761623ff595d53a545438e"}},
  1},
 {<<"lcfg">>,
  {git,"git://github.com/lfex/lcfg.git",
       {ref,"9c647739744de0332539b71692abc84df5d486a9"}},
  1},
 {<<"lfe">>,
  {git,"git://github.com/rvirding/lfe.git",
       {ref,"b84e9a8a1db6ffdd0cfe593fc8ad440ef72a5511"}},
  1},
 {<<"logjam">>,
  {git,"git://github.com/lfex/logjam.git",
       {ref,"568cc1d517795f98d19ffb46ca3b3ee5eab655dd"}},
  0},
 {<<"ltest">>,
  {git,"git://github.com/lfex/ltest.git",
       {ref,"a35a91b93ab391e95f1e3f9ca254e9982f3eea2f"}},
  2},
 {<<"lutil">>,
  {git,"git://github.com/lfex/lutil.git",
       {ref,"ebc8523047c53764c7daca6be187600fd381cbf9"}},
  0}].
