[{<<"clj">>,
  {git,"git://github.com/lfex/clj.git",
       {ref,"b935818364ff9b2715345a050c97db81289ae628"}},
  1},
 {<<"color">>,
  {git,"git://github.com/julianduque/erlang-color.git",
       {ref,"e60f6302f795220f5f0bee86391ffee5274edec0"}},
  2},
 {<<"erlport">>,
  {git,"git://github.com/hdima/erlport.git",
       {ref,"ae6b8802b3883f9f350921b779d0e91784de5112"}},
  0},
 {<<"goldrush">>,
  {git,"git://github.com/DeadZen/goldrush.git",
       {ref,"64864ba7fcf40988361340e48680b49a2c2938cf"}},
  2},
 {<<"kla">>,
  {git,"git://github.com/lfex/kla.git",
       {ref,"a8afc4f673809d89b6c4a374b972f54ef6b39bde"}},
  2},
 {<<"lager">>,
  {git,"git://github.com/basho/lager.git",
       {ref,"cbf6679c6a693772fd1629c9cdc093e4c6c4ebf8"}},
  1},
 {<<"lcfg">>,
  {git,"git://github.com/lfex/lcfg.git",
       {ref,"0ccc882fa78ea0248e39295f0231bd175f7fc80a"}},
  1},
 {<<"lfe">>,
  {git,"git://github.com/rvirding/lfe.git",
       {ref,"0b728d4f5f92506a2da9e33804520c75ece95962"}},
  1},
 {<<"logjam">>,
  {git,"git://github.com/lfex/logjam.git",
       {ref,"fd49642893b6396d9e7ad5d2eb81da849706073d"}},
  0},
 {<<"ltest">>,
  {git,"git://github.com/lfex/ltest.git",
       {ref,"151de4b8a1f3b7eb0ee8fd09f3499c9d30fa5a43"}},
  1},
 {<<"lutil">>,
  {git,"git://github.com/lfex/lutil.git",
       {ref,"ebc8523047c53764c7daca6be187600fd381cbf9"}},
  0}].
